// !$*UTF8*$!
{
	archiveVersion = 1;
	classes = {
	};
	objectVersion = 50;
	objects = {

/* Begin PBXBuildFile section */
		2326EAA7210FFA55004C8C07 /* Utility.swift in Sources */ = {isa = PBXBuildFile; fileRef = 2326EAA6210FFA55004C8C07 /* Utility.swift */; };
		2326EAAB21104C3E004C8C07 /* Album.swift in Sources */ = {isa = PBXBuildFile; fileRef = 2326EAAA21104C3E004C8C07 /* Album.swift */; };
		23EAD1B920DA36E2005CAD5E /* AppDelegate.swift in Sources */ = {isa = PBXBuildFile; fileRef = 23EAD1B820DA36E2005CAD5E /* AppDelegate.swift */; };
		23EAD1BB20DA36E2005CAD5E /* ViewController.swift in Sources */ = {isa = PBXBuildFile; fileRef = 23EAD1BA20DA36E2005CAD5E /* ViewController.swift */; };
		23EAD1BE20DA36E2005CAD5E /* Main.storyboard in Resources */ = {isa = PBXBuildFile; fileRef = 23EAD1BC20DA36E2005CAD5E /* Main.storyboard */; };
		23EAD1C020DA36E4005CAD5E /* Assets.xcassets in Resources */ = {isa = PBXBuildFile; fileRef = 23EAD1BF20DA36E4005CAD5E /* Assets.xcassets */; };
		23EAD1C320DA36E4005CAD5E /* LaunchScreen.storyboard in Resources */ = {isa = PBXBuildFile; fileRef = 23EAD1C120DA36E4005CAD5E /* LaunchScreen.storyboard */; };
		23EAD1CE20DA36E4005CAD5E /* PenguinCamTests.swift in Sources */ = {isa = PBXBuildFile; fileRef = 23EAD1CD20DA36E4005CAD5E /* PenguinCamTests.swift */; };
		23EAD1D920DA36E4005CAD5E /* PenguinCamUITests.swift in Sources */ = {isa = PBXBuildFile; fileRef = 23EAD1D820DA36E4005CAD5E /* PenguinCamUITests.swift */; };
		23EAD1E720DA3770005CAD5E /* QuickLookViewController.swift in Sources */ = {isa = PBXBuildFile; fileRef = 23EAD1E620DA3770005CAD5E /* QuickLookViewController.swift */; };
/* End PBXBuildFile section */

/* Begin PBXContainerItemProxy section */
		23EAD1CA20DA36E4005CAD5E /* PBXContainerItemProxy */ = {
			isa = PBXContainerItemProxy;
			containerPortal = 23EAD1AD20DA36E2005CAD5E /* Project object */;
			proxyType = 1;
			remoteGlobalIDString = 23EAD1B420DA36E2005CAD5E;
			remoteInfo = PenguinCam;
		};
		23EAD1D520DA36E4005CAD5E /* PBXContainerItemProxy */ = {
			isa = PBXContainerItemProxy;
			containerPortal = 23EAD1AD20DA36E2005CAD5E /* Project object */;
			proxyType = 1;
			remoteGlobalIDString = 23EAD1B420DA36E2005CAD5E;
			remoteInfo = PenguinCam;
		};
/* End PBXContainerItemProxy section */

/* Begin PBXFileReference section */
		2326EAA6210FFA55004C8C07 /* Utility.swift */ = {isa = PBXFileReference; lastKnownFileType = sourcecode.swift; path = Utility.swift; sourceTree = "<group>"; };
		2326EAAA21104C3E004C8C07 /* Album.swift */ = {isa = PBXFileReference; lastKnownFileType = sourcecode.swift; path = Album.swift; sourceTree = "<group>"; };
		23EAD1B520DA36E2005CAD5E /* PenguinCam.app */ = {isa = PBXFileReference; explicitFileType = wrapper.application; includeInIndex = 0; path = PenguinCam.app; sourceTree = BUILT_PRODUCTS_DIR; };
		23EAD1B820DA36E2005CAD5E /* AppDelegate.swift */ = {isa = PBXFileReference; lastKnownFileType = sourcecode.swift; path = AppDelegate.swift; sourceTree = "<group>"; };
		23EAD1BA20DA36E2005CAD5E /* ViewController.swift */ = {isa = PBXFileReference; lastKnownFileType = sourcecode.swift; path = ViewController.swift; sourceTree = "<group>"; };
		23EAD1BD20DA36E2005CAD5E /* Base */ = {isa = PBXFileReference; lastKnownFileType = file.storyboard; name = Base; path = Base.lproj/Main.storyboard; sourceTree = "<group>"; };
		23EAD1BF20DA36E4005CAD5E /* Assets.xcassets */ = {isa = PBXFileReference; lastKnownFileType = folder.assetcatalog; path = Assets.xcassets; sourceTree = "<group>"; };
		23EAD1C220DA36E4005CAD5E /* Base */ = {isa = PBXFileReference; lastKnownFileType = file.storyboard; name = Base; path = Base.lproj/LaunchScreen.storyboard; sourceTree = "<group>"; };
		23EAD1C420DA36E4005CAD5E /* Info.plist */ = {isa = PBXFileReference; lastKnownFileType = text.plist.xml; path = Info.plist; sourceTree = "<group>"; };
		23EAD1C920DA36E4005CAD5E /* PenguinCamTests.xctest */ = {isa = PBXFileReference; explicitFileType = wrapper.cfbundle; includeInIndex = 0; path = PenguinCamTests.xctest; sourceTree = BUILT_PRODUCTS_DIR; };
		23EAD1CD20DA36E4005CAD5E /* PenguinCamTests.swift */ = {isa = PBXFileReference; lastKnownFileType = sourcecode.swift; path = PenguinCamTests.swift; sourceTree = "<group>"; };
		23EAD1CF20DA36E4005CAD5E /* Info.plist */ = {isa = PBXFileReference; lastKnownFileType = text.plist.xml; path = Info.plist; sourceTree = "<group>"; };
		23EAD1D420DA36E4005CAD5E /* PenguinCamUITests.xctest */ = {isa = PBXFileReference; explicitFileType = wrapper.cfbundle; includeInIndex = 0; path = PenguinCamUITests.xctest; sourceTree = BUILT_PRODUCTS_DIR; };
		23EAD1D820DA36E4005CAD5E /* PenguinCamUITests.swift */ = {isa = PBXFileReference; lastKnownFileType = sourcecode.swift; path = PenguinCamUITests.swift; sourceTree = "<group>"; };
		23EAD1DA20DA36E4005CAD5E /* Info.plist */ = {isa = PBXFileReference; lastKnownFileType = text.plist.xml; path = Info.plist; sourceTree = "<group>"; };
		23EAD1E620DA3770005CAD5E /* QuickLookViewController.swift */ = {isa = PBXFileReference; lastKnownFileType = sourcecode.swift; path = QuickLookViewController.swift; sourceTree = "<group>"; };
/* End PBXFileReference section */

/* Begin PBXFrameworksBuildPhase section */
		23EAD1B220DA36E2005CAD5E /* Frameworks */ = {
			isa = PBXFrameworksBuildPhase;
			buildActionMask = 2147483647;
			files = (
			);
			runOnlyForDeploymentPostprocessing = 0;
		};
		23EAD1C620DA36E4005CAD5E /* Frameworks */ = {
			isa = PBXFrameworksBuildPhase;
			buildActionMask = 2147483647;
			files = (
			);
			runOnlyForDeploymentPostprocessing = 0;
		};
		23EAD1D120DA36E4005CAD5E /* Frameworks */ = {
			isa = PBXFrameworksBuildPhase;
			buildActionMask = 2147483647;
			files = (
			);
			runOnlyForDeploymentPostprocessing = 0;
		};
/* End PBXFrameworksBuildPhase section */

/* Begin PBXGroup section */
		23EAD1AC20DA36E2005CAD5E = {
			isa = PBXGroup;
			children = (
				23EAD1B720DA36E2005CAD5E /* PenguinCam */,
				23EAD1CC20DA36E4005CAD5E /* PenguinCamTests */,
				23EAD1D720DA36E4005CAD5E /* PenguinCamUITests */,
				23EAD1B620DA36E2005CAD5E /* Products */,
			);
			sourceTree = "<group>";
		};
		23EAD1B620DA36E2005CAD5E /* Products */ = {
			isa = PBXGroup;
			children = (
				23EAD1B520DA36E2005CAD5E /* PenguinCam.app */,
				23EAD1C920DA36E4005CAD5E /* PenguinCamTests.xctest */,
				23EAD1D420DA36E4005CAD5E /* PenguinCamUITests.xctest */,
			);
			name = Products;
			sourceTree = "<group>";
		};
		23EAD1B720DA36E2005CAD5E /* PenguinCam */ = {
			isa = PBXGroup;
			children = (
				23EAD1B820DA36E2005CAD5E /* AppDelegate.swift */,
				23EAD1BA20DA36E2005CAD5E /* ViewController.swift */,
				23EAD1BC20DA36E2005CAD5E /* Main.storyboard */,
				23EAD1BF20DA36E4005CAD5E /* Assets.xcassets */,
				23EAD1C120DA36E4005CAD5E /* LaunchScreen.storyboard */,
				23EAD1C420DA36E4005CAD5E /* Info.plist */,
				23EAD1E620DA3770005CAD5E /* QuickLookViewController.swift */,
				2326EAA6210FFA55004C8C07 /* Utility.swift */,
				2326EAAA21104C3E004C8C07 /* Album.swift */,
			);
			path = PenguinCam;
			sourceTree = "<group>";
		};
		23EAD1CC20DA36E4005CAD5E /* PenguinCamTests */ = {
			isa = PBXGroup;
			children = (
				23EAD1CD20DA36E4005CAD5E /* PenguinCamTests.swift */,
				23EAD1CF20DA36E4005CAD5E /* Info.plist */,
			);
			path = PenguinCamTests;
			sourceTree = "<group>";
		};
		23EAD1D720DA36E4005CAD5E /* PenguinCamUITests */ = {
			isa = PBXGroup;
			children = (
				23EAD1D820DA36E4005CAD5E /* PenguinCamUITests.swift */,
				23EAD1DA20DA36E4005CAD5E /* Info.plist */,
			);
			path = PenguinCamUITests;
			sourceTree = "<group>";
		};
/* End PBXGroup section */

/* Begin PBXNativeTarget section */
		23EAD1B420DA36E2005CAD5E /* PenguinCam */ = {
			isa = PBXNativeTarget;
			buildConfigurationList = 23EAD1DD20DA36E4005CAD5E /* Build configuration list for PBXNativeTarget "PenguinCam" */;
			buildPhases = (
				23EAD1B120DA36E2005CAD5E /* Sources */,
				23EAD1B220DA36E2005CAD5E /* Frameworks */,
				23EAD1B320DA36E2005CAD5E /* Resources */,
			);
			buildRules = (
			);
			dependencies = (
			);
			name = PenguinCam;
			productName = PenguinCam;
			productReference = 23EAD1B520DA36E2005CAD5E /* PenguinCam.app */;
			productType = "com.apple.product-type.application";
		};
		23EAD1C820DA36E4005CAD5E /* PenguinCamTests */ = {
			isa = PBXNativeTarget;
			buildConfigurationList = 23EAD1E020DA36E4005CAD5E /* Build configuration list for PBXNativeTarget "PenguinCamTests" */;
			buildPhases = (
				23EAD1C520DA36E4005CAD5E /* Sources */,
				23EAD1C620DA36E4005CAD5E /* Frameworks */,
				23EAD1C720DA36E4005CAD5E /* Resources */,
			);
			buildRules = (
			);
			dependencies = (
				23EAD1CB20DA36E4005CAD5E /* PBXTargetDependency */,
			);
			name = PenguinCamTests;
			productName = PenguinCamTests;
			productReference = 23EAD1C920DA36E4005CAD5E /* PenguinCamTests.xctest */;
			productType = "com.apple.product-type.bundle.unit-test";
		};
		23EAD1D320DA36E4005CAD5E /* PenguinCamUITests */ = {
			isa = PBXNativeTarget;
			buildConfigurationList = 23EAD1E320DA36E4005CAD5E /* Build configuration list for PBXNativeTarget "PenguinCamUITests" */;
			buildPhases = (
				23EAD1D020DA36E4005CAD5E /* Sources */,
				23EAD1D120DA36E4005CAD5E /* Frameworks */,
				23EAD1D220DA36E4005CAD5E /* Resources */,
			);
			buildRules = (
			);
			dependencies = (
				23EAD1D620DA36E4005CAD5E /* PBXTargetDependency */,
			);
			name = PenguinCamUITests;
			productName = PenguinCamUITests;
			productReference = 23EAD1D420DA36E4005CAD5E /* PenguinCamUITests.xctest */;
			productType = "com.apple.product-type.bundle.ui-testing";
		};
/* End PBXNativeTarget section */

/* Begin PBXProject section */
		23EAD1AD20DA36E2005CAD5E /* Project object */ = {
			isa = PBXProject;
			attributes = {
				LastSwiftUpdateCheck = 0940;
				LastUpgradeCheck = 0940;
				ORGANIZATIONNAME = dengjiangzhou;
				TargetAttributes = {
					23EAD1B420DA36E2005CAD5E = {
						CreatedOnToolsVersion = 9.4.1;
						LastSwiftMigration = 1010;
					};
					23EAD1C820DA36E4005CAD5E = {
						CreatedOnToolsVersion = 9.4.1;
						LastSwiftMigration = 1010;
						TestTargetID = 23EAD1B420DA36E2005CAD5E;
					};
					23EAD1D320DA36E4005CAD5E = {
						CreatedOnToolsVersion = 9.4.1;
						LastSwiftMigration = 1010;
						TestTargetID = 23EAD1B420DA36E2005CAD5E;
					};
				};
			};
			buildConfigurationList = 23EAD1B020DA36E2005CAD5E /* Build configuration list for PBXProject "PenguinCam" */;
			compatibilityVersion = "Xcode 9.3";
			developmentRegion = en;
			hasScannedForEncodings = 0;
			knownRegions = (
				en,
				Base,
			);
			mainGroup = 23EAD1AC20DA36E2005CAD5E;
			productRefGroup = 23EAD1B620DA36E2005CAD5E /* Products */;
			projectDirPath = "";
			projectRoot = "";
			targets = (
				23EAD1B420DA36E2005CAD5E /* PenguinCam */,
				23EAD1C820DA36E4005CAD5E /* PenguinCamTests */,
				23EAD1D320DA36E4005CAD5E /* PenguinCamUITests */,
			);
		};
/* End PBXProject section */

/* Begin PBXResourcesBuildPhase section */
		23EAD1B320DA36E2005CAD5E /* Resources */ = {
			isa = PBXResourcesBuildPhase;
			buildActionMask = 2147483647;
			files = (
				23EAD1C320DA36E4005CAD5E /* LaunchScreen.storyboard in Resources */,
				23EAD1C020DA36E4005CAD5E /* Assets.xcassets in Resources */,
				23EAD1BE20DA36E2005CAD5E /* Main.storyboard in Resources */,
			);
			runOnlyForDeploymentPostprocessing = 0;
		};
		23EAD1C720DA36E4005CAD5E /* Resources */ = {
			isa = PBXResourcesBuildPhase;
			buildActionMask = 2147483647;
			files = (
			);
			runOnlyForDeploymentPostprocessing = 0;
		};
		23EAD1D220DA36E4005CAD5E /* Resources */ = {
			isa = PBXResourcesBuildPhase;
			buildActionMask = 2147483647;
			files = (
			);
			runOnlyForDeploymentPostprocessing = 0;
		};
/* End PBXResourcesBuildPhase section */

/* Begin PBXSourcesBuildPhase section */
		23EAD1B120DA36E2005CAD5E /* Sources */ = {
			isa = PBXSourcesBuildPhase;
			buildActionMask = 2147483647;
			files = (
				2326EAA7210FFA55004C8C07 /* Utility.swift in Sources */,
				23EAD1BB20DA36E2005CAD5E /* ViewController.swift in Sources */,
				23EAD1B920DA36E2005CAD5E /* AppDelegate.swift in Sources */,
				23EAD1E720DA3770005CAD5E /* QuickLookViewController.swift in Sources */,
				2326EAAB21104C3E004C8C07 /* Album.swift in Sources */,
			);
			runOnlyForDeploymentPostprocessing = 0;
		};
		23EAD1C520DA36E4005CAD5E /* Sources */ = {
			isa = PBXSourcesBuildPhase;
			buildActionMask = 2147483647;
			files = (
				23EAD1CE20DA36E4005CAD5E /* PenguinCamTests.swift in Sources */,
			);
			runOnlyForDeploymentPostprocessing = 0;
		};
		23EAD1D020DA36E4005CAD5E /* Sources */ = {
			isa = PBXSourcesBuildPhase;
			buildActionMask = 2147483647;
			files = (
				23EAD1D920DA36E4005CAD5E /* PenguinCamUITests.swift in Sources */,
			);
			runOnlyForDeploymentPostprocessing = 0;
		};
/* End PBXSourcesBuildPhase section */

/* Begin PBXTargetDependency section */
		23EAD1CB20DA36E4005CAD5E /* PBXTargetDependency */ = {
			isa = PBXTargetDependency;
			target = 23EAD1B420DA36E2005CAD5E /* PenguinCam */;
			targetProxy = 23EAD1CA20DA36E4005CAD5E /* PBXContainerItemProxy */;
		};
		23EAD1D620DA36E4005CAD5E /* PBXTargetDependency */ = {
			isa = PBXTargetDependency;
			target = 23EAD1B420DA36E2005CAD5E /* PenguinCam */;
			targetProxy = 23EAD1D520DA36E4005CAD5E /* PBXContainerItemProxy */;
		};
/* End PBXTargetDependency section */

/* Begin PBXVariantGroup section */
		23EAD1BC20DA36E2005CAD5E /* Main.storyboard */ = {
			isa = PBXVariantGroup;
			children = (
				23EAD1BD20DA36E2005CAD5E /* Base */,
			);
			name = Main.storyboard;
			sourceTree = "<group>";
		};
		23EAD1C120DA36E4005CAD5E /* LaunchScreen.storyboard */ = {
			isa = PBXVariantGroup;
			children = (
				23EAD1C220DA36E4005CAD5E /* Base */,
			);
			name = LaunchScreen.storyboard;
			sourceTree = "<group>";
		};
/* End PBXVariantGroup section */

/* Begin XCBuildConfiguration section */
		23EAD1DB20DA36E4005CAD5E /* Debug */ = {
			isa = XCBuildConfiguration;
			buildSettings = {
				ALWAYS_SEARCH_USER_PATHS = NO;
				CLANG_ANALYZER_NONNULL = YES;
				CLANG_ANALYZER_NUMBER_OBJECT_CONVERSION = YES_AGGRESSIVE;
				CLANG_CXX_LANGUAGE_STANDARD = "gnu++14";
				CLANG_CXX_LIBRARY = "libc++";
				CLANG_ENABLE_MODULES = YES;
				CLANG_ENABLE_OBJC_ARC = YES;
				CLANG_ENABLE_OBJC_WEAK = YES;
				CLANG_WARN_BLOCK_CAPTURE_AUTORELEASING = YES;
				CLANG_WARN_BOOL_CONVERSION = YES;
				CLANG_WARN_COMMA = YES;
				CLANG_WARN_CONSTANT_CONVERSION = YES;
				CLANG_WARN_DEPRECATED_OBJC_IMPLEMENTATIONS = YES;
				CLANG_WARN_DIRECT_OBJC_ISA_USAGE = YES_ERROR;
				CLANG_WARN_DOCUMENTATION_COMMENTS = YES;
				CLANG_WARN_EMPTY_BODY = YES;
				CLANG_WARN_ENUM_CONVERSION = YES;
				CLANG_WARN_INFINITE_RECURSION = YES;
				CLANG_WARN_INT_CONVERSION = YES;
				CLANG_WARN_NON_LITERAL_NULL_CONVERSION = YES;
				CLANG_WARN_OBJC_IMPLICIT_RETAIN_SELF = YES;
				CLANG_WARN_OBJC_LITERAL_CONVERSION = YES;
				CLANG_WARN_OBJC_ROOT_CLASS = YES_ERROR;
				CLANG_WARN_RANGE_LOOP_ANALYSIS = YES;
				CLANG_WARN_STRICT_PROTOTYPES = YES;
				CLANG_WARN_SUSPICIOUS_MOVE = YES;
				CLANG_WARN_UNGUARDED_AVAILABILITY = YES_AGGRESSIVE;
				CLANG_WARN_UNREACHABLE_CODE = YES;
				CLANG_WARN__DUPLICATE_METHOD_MATCH = YES;
				CODE_SIGN_IDENTITY = "iPhone Developer";
				COPY_PHASE_STRIP = NO;
				DEBUG_INFORMATION_FORMAT = dwarf;
				ENABLE_STRICT_OBJC_MSGSEND = YES;
				ENABLE_TESTABILITY = YES;
				GCC_C_LANGUAGE_STANDARD = gnu11;
				GCC_DYNAMIC_NO_PIC = NO;
				GCC_NO_COMMON_BLOCKS = YES;
				GCC_OPTIMIZATION_LEVEL = 0;
				GCC_PREPROCESSOR_DEFINITIONS = (
					"DEBUG=1",
					"$(inherited)",
				);
				GCC_WARN_64_TO_32_BIT_CONVERSION = YES;
				GCC_WARN_ABOUT_RETURN_TYPE = YES_ERROR;
				GCC_WARN_UNDECLARED_SELECTOR = YES;
				GCC_WARN_UNINITIALIZED_AUTOS = YES_AGGRESSIVE;
				GCC_WARN_UNUSED_FUNCTION = YES;
				GCC_WARN_UNUSED_VARIABLE = YES;
				IPHONEOS_DEPLOYMENT_TARGET = 11.4;
				MTL_ENABLE_DEBUG_INFO = YES;
				ONLY_ACTIVE_ARCH = YES;
				SDKROOT = iphoneos;
				SWIFT_ACTIVE_COMPILATION_CONDITIONS = DEBUG;
				SWIFT_OPTIMIZATION_LEVEL = "-Onone";
			};
			name = Debug;
		};
		23EAD1DC20DA36E4005CAD5E /* Release */ = {
			isa = XCBuildConfiguration;
			buildSettings = {
				ALWAYS_SEARCH_USER_PATHS = NO;
				CLANG_ANALYZER_NONNULL = YES;
				CLANG_ANALYZER_NUMBER_OBJECT_CONVERSION = YES_AGGRESSIVE;
				CLANG_CXX_LANGUAGE_STANDARD = "gnu++14";
				CLANG_CXX_LIBRARY = "libc++";
				CLANG_ENABLE_MODULES = YES;
				CLANG_ENABLE_OBJC_ARC = YES;
				CLANG_ENABLE_OBJC_WEAK = YES;
				CLANG_WARN_BLOCK_CAPTURE_AUTORELEASING = YES;
				CLANG_WARN_BOOL_CONVERSION = YES;
				CLANG_WARN_COMMA = YES;
				CLANG_WARN_CONSTANT_CONVERSION = YES;
				CLANG_WARN_DEPRECATED_OBJC_IMPLEMENTATIONS = YES;
				CLANG_WARN_DIRECT_OBJC_ISA_USAGE = YES_ERROR;
				CLANG_WARN_DOCUMENTATION_COMMENTS = YES;
				CLANG_WARN_EMPTY_BODY = YES;
				CLANG_WARN_ENUM_CONVERSION = YES;
				CLANG_WARN_INFINITE_RECURSION = YES;
				CLANG_WARN_INT_CONVERSION = YES;
				CLANG_WARN_NON_LITERAL_NULL_CONVERSION = YES;
				CLANG_WARN_OBJC_IMPLICIT_RETAIN_SELF = YES;
				CLANG_WARN_OBJC_LITERAL_CONVERSION = YES;
				CLANG_WARN_OBJC_ROOT_CLASS = YES_ERROR;
				CLANG_WARN_RANGE_LOOP_ANALYSIS = YES;
				CLANG_WARN_STRICT_PROTOTYPES = YES;
				CLANG_WARN_SUSPICIOUS_MOVE = YES;
				CLANG_WARN_UNGUARDED_AVAILABILITY = YES_AGGRESSIVE;
				CLANG_WARN_UNREACHABLE_CODE = YES;
				CLANG_WARN__DUPLICATE_METHOD_MATCH = YES;
				CODE_SIGN_IDENTITY = "iPhone Developer";
				COPY_PHASE_STRIP = NO;
				DEBUG_INFORMATION_FORMAT = "dwarf-with-dsym";
				ENABLE_NS_ASSERTIONS = NO;
				ENABLE_STRICT_OBJC_MSGSEND = YES;
				GCC_C_LANGUAGE_STANDARD = gnu11;
				GCC_NO_COMMON_BLOCKS = YES;
				GCC_WARN_64_TO_32_BIT_CONVERSION = YES;
				GCC_WARN_ABOUT_RETURN_TYPE = YES_ERROR;
				GCC_WARN_UNDECLARED_SELECTOR = YES;
				GCC_WARN_UNINITIALIZED_AUTOS = YES_AGGRESSIVE;
				GCC_WARN_UNUSED_FUNCTION = YES;
				GCC_WARN_UNUSED_VARIABLE = YES;
				IPHONEOS_DEPLOYMENT_TARGET = 11.4;
				MTL_ENABLE_DEBUG_INFO = NO;
				SDKROOT = iphoneos;
				SWIFT_COMPILATION_MODE = wholemodule;
				SWIFT_OPTIMIZATION_LEVEL = "-O";
				VALIDATE_PRODUCT = YES;
			};
			name = Release;
		};
		23EAD1DE20DA36E4005CAD5E /* Debug */ = {
			isa = XCBuildConfiguration;
			buildSettings = {
				ASSETCATALOG_COMPILER_APPICON_NAME = AppIcon;
				CODE_SIGN_STYLE = Automatic;
				DEVELOPMENT_TEAM = 9ZPF2ERCW9;
				INFOPLIST_FILE = PenguinCam/Info.plist;
				IPHONEOS_DEPLOYMENT_TARGET = 11.0;
				LD_RUNPATH_SEARCH_PATHS = (
					"$(inherited)",
					"@executable_path/Frameworks",
				);
				PRODUCT_BUNDLE_IDENTIFIER = dengjiangzhou.PenguinCam;
				PRODUCT_NAME = "$(TARGET_NAME)";
				SWIFT_VERSION = 4.2;
				TARGETED_DEVICE_FAMILY = "1,2";
			};
			name = Debug;
		};
		23EAD1DF20DA36E4005CAD5E /* Release */ = {
			isa = XCBuildConfiguration;
			buildSettings = {
				ASSETCATALOG_COMPILER_APPICON_NAME = AppIcon;
				CODE_SIGN_STYLE = Automatic;
				DEVELOPMENT_TEAM = 9ZPF2ERCW9;
				INFOPLIST_FILE = PenguinCam/Info.plist;
				IPHONEOS_DEPLOYMENT_TARGET = 11.0;
				LD_RUNPATH_SEARCH_PATHS = (
					"$(inherited)",
					"@executable_path/Frameworks",
				);
				PRODUCT_BUNDLE_IDENTIFIER = dengjiangzhou.PenguinCam;
				PRODUCT_NAME = "$(TARGET_NAME)";
				SWIFT_VERSION = 4.2;
				TARGETED_DEVICE_FAMILY = "1,2";
			};
			name = Release;
		};
		23EAD1E120DA36E4005CAD5E /* Debug */ = {
			isa = XCBuildConfiguration;
			buildSettings = {
				ALWAYS_EMBED_SWIFT_STANDARD_LIBRARIES = YES;
				BUNDLE_LOADER = "$(TEST_HOST)";
				CODE_SIGN_STYLE = Automatic;
				DEVELOPMENT_TEAM = 9ZPF2ERCW9;
				INFOPLIST_FILE = PenguinCamTests/Info.plist;
				LD_RUNPATH_SEARCH_PATHS = (
					"$(inherited)",
					"@executable_path/Frameworks",
					"@loader_path/Frameworks",
				);
				PRODUCT_BUNDLE_IDENTIFIER = dengjiangzhou.PenguinCamTests;
				PRODUCT_NAME = "$(TARGET_NAME)";
				SWIFT_VERSION = 4.2;
				TARGETED_DEVICE_FAMILY = "1,2";
				TEST_HOST = "$(BUILT_PRODUCTS_DIR)/PenguinCam.app/PenguinCam";
			};
			name = Debug;
		};
		23EAD1E220DA36E4005CAD5E /* Release */ = {
			isa = XCBuildConfiguration;
			buildSettings = {
				ALWAYS_EMBED_SWIFT_STANDARD_LIBRARIES = YES;
				BUNDLE_LOADER = "$(TEST_HOST)";
				CODE_SIGN_STYLE = Automatic;
				DEVELOPMENT_TEAM = 9ZPF2ERCW9;
				INFOPLIST_FILE = PenguinCamTests/Info.plist;
				LD_RUNPATH_SEARCH_PATHS = (
					"$(inherited)",
					"@executable_path/Frameworks",
					"@loader_path/Frameworks",
				);
				PRODUCT_BUNDLE_IDENTIFIER = dengjiangzhou.PenguinCamTests;
				PRODUCT_NAME = "$(TARGET_NAME)";
				SWIFT_VERSION = 4.2;
				TARGETED_DEVICE_FAMILY = "1,2";
				TEST_HOST = "$(BUILT_PRODUCTS_DIR)/PenguinCam.app/PenguinCam";
			};
			name = Release;
		};
		23EAD1E420DA36E4005CAD5E /* Debug */ = {
			isa = XCBuildConfiguration;
			buildSettings = {
				ALWAYS_EMBED_SWIFT_STANDARD_LIBRARIES = YES;
				CODE_SIGN_STYLE = Automatic;
				DEVELOPMENT_TEAM = 9ZPF2ERCW9;
				INFOPLIST_FILE = PenguinCamUITests/Info.plist;
				LD_RUNPATH_SEARCH_PATHS = (
					"$(inherited)",
					"@executable_path/Frameworks",
					"@loader_path/Frameworks",
				);
				PRODUCT_BUNDLE_IDENTIFIER = dengjiangzhou.PenguinCamUITests;
				PRODUCT_NAME = "$(TARGET_NAME)";
				SWIFT_VERSION = 4.2;
				TARGETED_DEVICE_FAMILY = "1,2";
				TEST_TARGET_NAME = PenguinCam;
			};
			name = Debug;
		};
		23EAD1E520DA36E4005CAD5E /* Release */ = {
			isa = XCBuildConfiguration;
			buildSettings = {
				ALWAYS_EMBED_SWIFT_STANDARD_LIBRARIES = YES;
				CODE_SIGN_STYLE = Automatic;
				DEVELOPMENT_TEAM = 9ZPF2ERCW9;
				INFOPLIST_FILE = PenguinCamUITests/Info.plist;
				LD_RUNPATH_SEARCH_PATHS = (
					"$(inherited)",
					"@executable_path/Frameworks",
					"@loader_path/Frameworks",
				);
				PRODUCT_BUNDLE_IDENTIFIER = dengjiangzhou.PenguinCamUITests;
				PRODUCT_NAME = "$(TARGET_NAME)";
				SWIFT_VERSION = 4.2;
				TARGETED_DEVICE_FAMILY = "1,2";
				TEST_TARGET_NAME = PenguinCam;
			};
			name = Release;
		};
/* End XCBuildConfiguration section */

/* Begin XCConfigurationList section */
		23EAD1B020DA36E2005CAD5E /* Build configuration list for PBXProject "PenguinCam" */ = {
			isa = XCConfigurationList;
			buildConfigurations = (
				23EAD1DB20DA36E4005CAD5E /* Debug */,
				23EAD1DC20DA36E4005CAD5E /* Release */,
			);
			defaultConfigurationIsVisible = 0;
			defaultConfigurationName = Release;
		};
		23EAD1DD20DA36E4005CAD5E /* Build configuration list for PBXNativeTarget "PenguinCam" */ = {
			isa = XCConfigurationList;
			buildConfigurations = (
				23EAD1DE20DA36E4005CAD5E /* Debug */,
				23EAD1DF20DA36E4005CAD5E /* Release */,
			);
			defaultConfigurationIsVisible = 0;
			defaultConfigurationName = Release;
		};
		23EAD1E020DA36E4005CAD5E /* Build configuration list for PBXNativeTarget "PenguinCamTests" */ = {
			isa = XCConfigurationList;
			buildConfigurations = (
				23EAD1E120DA36E4005CAD5E /* Debug */,
				23EAD1E220DA36E4005CAD5E /* Release */,
			);
			defaultConfigurationIsVisible = 0;
			defaultConfigurationName = Release;
		};
		23EAD1E320DA36E4005CAD5E /* Build configuration list for PBXNativeTarget "PenguinCamUITests" */ = {
			isa = XCConfigurationList;
			buildConfigurations = (
				23EAD1E420DA36E4005CAD5E /* Debug */,
				23EAD1E520DA36E4005CAD5E /* Release */,
			);
			defaultConfigurationIsVisible = 0;
			defaultConfigurationName = Release;
		};
/* End XCConfigurationList section */
	};
	rootObject = 23EAD1AD20DA36E2005CAD5E /* Project object */;
}
