// !$*UTF8*$!
{
	archiveVersion = 1;
	classes = {
	};
	objectVersion = 50;
	objects = {

/* Begin PBXBuildFile section */
		23EB829E212AF10800B1D384 /* AppDelegate.swift in Sources */ = {isa = PBXBuildFile; fileRef = 23EB829D212AF10800B1D384 /* AppDelegate.swift */; };
		23EB82A0212AF10800B1D384 /* ViewController.swift in Sources */ = {isa = PBXBuildFile; fileRef = 23EB829F212AF10800B1D384 /* ViewController.swift */; };
		23EB82A3212AF10800B1D384 /* Main.storyboard in Resources */ = {isa = PBXBuildFile; fileRef = 23EB82A1212AF10800B1D384 /* Main.storyboard */; };
		23EB82A5212AF10900B1D384 /* Assets.xcassets in Resources */ = {isa = PBXBuildFile; fileRef = 23EB82A4212AF10900B1D384 /* Assets.xcassets */; };
		23EB82A8212AF10900B1D384 /* LaunchScreen.storyboard in Resources */ = {isa = PBXBuildFile; fileRef = 23EB82A6212AF10900B1D384 /* LaunchScreen.storyboard */; };
		23EB82B0212AF1DB00B1D384 /* VideoTableViewCell.swift in Sources */ = {isa = PBXBuildFile; fileRef = 23EB82AF212AF1DB00B1D384 /* VideoTableViewCell.swift */; };
		23EB82B2212AFD4A00B1D384 /* Helpers.swift in Sources */ = {isa = PBXBuildFile; fileRef = 23EB82B1212AFD4A00B1D384 /* Helpers.swift */; };
/* End PBXBuildFile section */

/* Begin PBXFileReference section */
		23EB829A212AF10800B1D384 /* merge_media.app */ = {isa = PBXFileReference; explicitFileType = wrapper.application; includeInIndex = 0; path = merge_media.app; sourceTree = BUILT_PRODUCTS_DIR; };
		23EB829D212AF10800B1D384 /* AppDelegate.swift */ = {isa = PBXFileReference; lastKnownFileType = sourcecode.swift; path = AppDelegate.swift; sourceTree = "<group>"; };
		23EB829F212AF10800B1D384 /* ViewController.swift */ = {isa = PBXFileReference; lastKnownFileType = sourcecode.swift; path = ViewController.swift; sourceTree = "<group>"; };
		23EB82A2212AF10800B1D384 /* Base */ = {isa = PBXFileReference; lastKnownFileType = file.storyboard; name = Base; path = Base.lproj/Main.storyboard; sourceTree = "<group>"; };
		23EB82A4212AF10900B1D384 /* Assets.xcassets */ = {isa = PBXFileReference; lastKnownFileType = folder.assetcatalog; path = Assets.xcassets; sourceTree = "<group>"; };
		23EB82A7212AF10900B1D384 /* Base */ = {isa = PBXFileReference; lastKnownFileType = file.storyboard; name = Base; path = Base.lproj/LaunchScreen.storyboard; sourceTree = "<group>"; };
		23EB82A9212AF10900B1D384 /* Info.plist */ = {isa = PBXFileReference; lastKnownFileType = text.plist.xml; path = Info.plist; sourceTree = "<group>"; };
		23EB82AF212AF1DB00B1D384 /* VideoTableViewCell.swift */ = {isa = PBXFileReference; lastKnownFileType = sourcecode.swift; path = VideoTableViewCell.swift; sourceTree = "<group>"; };
		23EB82B1212AFD4A00B1D384 /* Helpers.swift */ = {isa = PBXFileReference; lastKnownFileType = sourcecode.swift; path = Helpers.swift; sourceTree = "<group>"; };
/* End PBXFileReference section */

/* Begin PBXFrameworksBuildPhase section */
		23EB8297212AF10800B1D384 /* Frameworks */ = {
			isa = PBXFrameworksBuildPhase;
			buildActionMask = 2147483647;
			files = (
			);
			runOnlyForDeploymentPostprocessing = 0;
		};
/* End PBXFrameworksBuildPhase section */

/* Begin PBXGroup section */
		23EB8291212AF10800B1D384 = {
			isa = PBXGroup;
			children = (
				23EB829C212AF10800B1D384 /* merge_media */,
				23EB829B212AF10800B1D384 /* Products */,
			);
			sourceTree = "<group>";
		};
		23EB829B212AF10800B1D384 /* Products */ = {
			isa = PBXGroup;
			children = (
				23EB829A212AF10800B1D384 /* merge_media.app */,
			);
			name = Products;
			sourceTree = "<group>";
		};
		23EB829C212AF10800B1D384 /* merge_media */ = {
			isa = PBXGroup;
			children = (
				23EB829D212AF10800B1D384 /* AppDelegate.swift */,
				23EB829F212AF10800B1D384 /* ViewController.swift */,
				23EB82A1212AF10800B1D384 /* Main.storyboard */,
				23EB82A4212AF10900B1D384 /* Assets.xcassets */,
				23EB82A6212AF10900B1D384 /* LaunchScreen.storyboard */,
				23EB82A9212AF10900B1D384 /* Info.plist */,
				23EB82AF212AF1DB00B1D384 /* VideoTableViewCell.swift */,
				23EB82B1212AFD4A00B1D384 /* Helpers.swift */,
			);
			path = merge_media;
			sourceTree = "<group>";
		};
/* End PBXGroup section */

/* Begin PBXNativeTarget section */
		23EB8299212AF10800B1D384 /* merge_media */ = {
			isa = PBXNativeTarget;
			buildConfigurationList = 23EB82AC212AF10900B1D384 /* Build configuration list for PBXNativeTarget "merge_media" */;
			buildPhases = (
				23EB8296212AF10800B1D384 /* Sources */,
				23EB8297212AF10800B1D384 /* Frameworks */,
				23EB8298212AF10800B1D384 /* Resources */,
			);
			buildRules = (
			);
			dependencies = (
			);
			name = merge_media;
			productName = merge_media;
			productReference = 23EB829A212AF10800B1D384 /* merge_media.app */;
			productType = "com.apple.product-type.application";
		};
/* End PBXNativeTarget section */

/* Begin PBXProject section */
		23EB8292212AF10800B1D384 /* Project object */ = {
			isa = PBXProject;
			attributes = {
				LastSwiftUpdateCheck = 0940;
				LastUpgradeCheck = 0940;
				ORGANIZATIONNAME = dengjiangzhou;
				TargetAttributes = {
					23EB8299212AF10800B1D384 = {
						CreatedOnToolsVersion = 9.4.1;
					};
				};
			};
			buildConfigurationList = 23EB8295212AF10800B1D384 /* Build configuration list for PBXProject "merge_media" */;
			compatibilityVersion = "Xcode 9.3";
			developmentRegion = en;
			hasScannedForEncodings = 0;
			knownRegions = (
				en,
				Base,
			);
			mainGroup = 23EB8291212AF10800B1D384;
			productRefGroup = 23EB829B212AF10800B1D384 /* Products */;
			projectDirPath = "";
			projectRoot = "";
			targets = (
				23EB8299212AF10800B1D384 /* merge_media */,
			);
		};
/* End PBXProject section */

/* Begin PBXResourcesBuildPhase section */
		23EB8298212AF10800B1D384 /* Resources */ = {
			isa = PBXResourcesBuildPhase;
			buildActionMask = 2147483647;
			files = (
				23EB82A8212AF10900B1D384 /* LaunchScreen.storyboard in Resources */,
				23EB82A5212AF10900B1D384 /* Assets.xcassets in Resources */,
				23EB82A3212AF10800B1D384 /* Main.storyboard in Resources */,
			);
			runOnlyForDeploymentPostprocessing = 0;
		};
/* End PBXResourcesBuildPhase section */

/* Begin PBXSourcesBuildPhase section */
		23EB8296212AF10800B1D384 /* Sources */ = {
			isa = PBXSourcesBuildPhase;
			buildActionMask = 2147483647;
			files = (
				23EB82A0212AF10800B1D384 /* ViewController.swift in Sources */,
				23EB829E212AF10800B1D384 /* AppDelegate.swift in Sources */,
				23EB82B0212AF1DB00B1D384 /* VideoTableViewCell.swift in Sources */,
				23EB82B2212AFD4A00B1D384 /* Helpers.swift in Sources */,
			);
			runOnlyForDeploymentPostprocessing = 0;
		};
/* End PBXSourcesBuildPhase section */

/* Begin PBXVariantGroup section */
		23EB82A1212AF10800B1D384 /* Main.storyboard */ = {
			isa = PBXVariantGroup;
			children = (
				23EB82A2212AF10800B1D384 /* Base */,
			);
			name = Main.storyboard;
			sourceTree = "<group>";
		};
		23EB82A6212AF10900B1D384 /* LaunchScreen.storyboard */ = {
			isa = PBXVariantGroup;
			children = (
				23EB82A7212AF10900B1D384 /* Base */,
			);
			name = LaunchScreen.storyboard;
			sourceTree = "<group>";
		};
/* End PBXVariantGroup section */

/* Begin XCBuildConfiguration section */
		23EB82AA212AF10900B1D384 /* Debug */ = {
			isa = XCBuildConfiguration;
			buildSettings = {
				ALWAYS_SEARCH_USER_PATHS = NO;
				CLANG_ANALYZER_NONNULL = YES;
				CLANG_ANALYZER_NUMBER_OBJECT_CONVERSION = YES_AGGRESSIVE;
				CLANG_CXX_LANGUAGE_STANDARD = "gnu++14";
				CLANG_CXX_LIBRARY = "libc++";
				CLANG_ENABLE_MODULES = YES;
				CLANG_ENABLE_OBJC_ARC = YES;
				CLANG_ENABLE_OBJC_WEAK = YES;
				CLANG_WARN_BLOCK_CAPTURE_AUTORELEASING = YES;
				CLANG_WARN_BOOL_CONVERSION = YES;
				CLANG_WARN_COMMA = YES;
				CLANG_WARN_CONSTANT_CONVERSION = YES;
				CLANG_WARN_DEPRECATED_OBJC_IMPLEMENTATIONS = YES;
				CLANG_WARN_DIRECT_OBJC_ISA_USAGE = YES_ERROR;
				CLANG_WARN_DOCUMENTATION_COMMENTS = YES;
				CLANG_WARN_EMPTY_BODY = YES;
				CLANG_WARN_ENUM_CONVERSION = YES;
				CLANG_WARN_INFINITE_RECURSION = YES;
				CLANG_WARN_INT_CONVERSION = YES;
				CLANG_WARN_NON_LITERAL_NULL_CONVERSION = YES;
				CLANG_WARN_OBJC_IMPLICIT_RETAIN_SELF = YES;
				CLANG_WARN_OBJC_LITERAL_CONVERSION = YES;
				CLANG_WARN_OBJC_ROOT_CLASS = YES_ERROR;
				CLANG_WARN_RANGE_LOOP_ANALYSIS = YES;
				CLANG_WARN_STRICT_PROTOTYPES = YES;
				CLANG_WARN_SUSPICIOUS_MOVE = YES;
				CLANG_WARN_UNGUARDED_AVAILABILITY = YES_AGGRESSIVE;
				CLANG_WARN_UNREACHABLE_CODE = YES;
				CLANG_WARN__DUPLICATE_METHOD_MATCH = YES;
				CODE_SIGN_IDENTITY = "iPhone Developer";
				COPY_PHASE_STRIP = NO;
				DEBUG_INFORMATION_FORMAT = dwarf;
				ENABLE_STRICT_OBJC_MSGSEND = YES;
				ENABLE_TESTABILITY = YES;
				GCC_C_LANGUAGE_STANDARD = gnu11;
				GCC_DYNAMIC_NO_PIC = NO;
				GCC_NO_COMMON_BLOCKS = YES;
				GCC_OPTIMIZATION_LEVEL = 0;
				GCC_PREPROCESSOR_DEFINITIONS = (
					"DEBUG=1",
					"$(inherited)",
				);
				GCC_WARN_64_TO_32_BIT_CONVERSION = YES;
				GCC_WARN_ABOUT_RETURN_TYPE = YES_ERROR;
				GCC_WARN_UNDECLARED_SELECTOR = YES;
				GCC_WARN_UNINITIALIZED_AUTOS = YES_AGGRESSIVE;
				GCC_WARN_UNUSED_FUNCTION = YES;
				GCC_WARN_UNUSED_VARIABLE = YES;
				IPHONEOS_DEPLOYMENT_TARGET = 11.4;
				MTL_ENABLE_DEBUG_INFO = YES;
				ONLY_ACTIVE_ARCH = YES;
				SDKROOT = iphoneos;
				SWIFT_ACTIVE_COMPILATION_CONDITIONS = DEBUG;
				SWIFT_OPTIMIZATION_LEVEL = "-Onone";
			};
			name = Debug;
		};
		23EB82AB212AF10900B1D384 /* Release */ = {
			isa = XCBuildConfiguration;
			buildSettings = {
				ALWAYS_SEARCH_USER_PATHS = NO;
				CLANG_ANALYZER_NONNULL = YES;
				CLANG_ANALYZER_NUMBER_OBJECT_CONVERSION = YES_AGGRESSIVE;
				CLANG_CXX_LANGUAGE_STANDARD = "gnu++14";
				CLANG_CXX_LIBRARY = "libc++";
				CLANG_ENABLE_MODULES = YES;
				CLANG_ENABLE_OBJC_ARC = YES;
				CLANG_ENABLE_OBJC_WEAK = YES;
				CLANG_WARN_BLOCK_CAPTURE_AUTORELEASING = YES;
				CLANG_WARN_BOOL_CONVERSION = YES;
				CLANG_WARN_COMMA = YES;
				CLANG_WARN_CONSTANT_CONVERSION = YES;
				CLANG_WARN_DEPRECATED_OBJC_IMPLEMENTATIONS = YES;
				CLANG_WARN_DIRECT_OBJC_ISA_USAGE = YES_ERROR;
				CLANG_WARN_DOCUMENTATION_COMMENTS = YES;
				CLANG_WARN_EMPTY_BODY = YES;
				CLANG_WARN_ENUM_CONVERSION = YES;
				CLANG_WARN_INFINITE_RECURSION = YES;
				CLANG_WARN_INT_CONVERSION = YES;
				CLANG_WARN_NON_LITERAL_NULL_CONVERSION = YES;
				CLANG_WARN_OBJC_IMPLICIT_RETAIN_SELF = YES;
				CLANG_WARN_OBJC_LITERAL_CONVERSION = YES;
				CLANG_WARN_OBJC_ROOT_CLASS = YES_ERROR;
				CLANG_WARN_RANGE_LOOP_ANALYSIS = YES;
				CLANG_WARN_STRICT_PROTOTYPES = YES;
				CLANG_WARN_SUSPICIOUS_MOVE = YES;
				CLANG_WARN_UNGUARDED_AVAILABILITY = YES_AGGRESSIVE;
				CLANG_WARN_UNREACHABLE_CODE = YES;
				CLANG_WARN__DUPLICATE_METHOD_MATCH = YES;
				CODE_SIGN_IDENTITY = "iPhone Developer";
				COPY_PHASE_STRIP = NO;
				DEBUG_INFORMATION_FORMAT = "dwarf-with-dsym";
				ENABLE_NS_ASSERTIONS = NO;
				ENABLE_STRICT_OBJC_MSGSEND = YES;
				GCC_C_LANGUAGE_STANDARD = gnu11;
				GCC_NO_COMMON_BLOCKS = YES;
				GCC_WARN_64_TO_32_BIT_CONVERSION = YES;
				GCC_WARN_ABOUT_RETURN_TYPE = YES_ERROR;
				GCC_WARN_UNDECLARED_SELECTOR = YES;
				GCC_WARN_UNINITIALIZED_AUTOS = YES_AGGRESSIVE;
				GCC_WARN_UNUSED_FUNCTION = YES;
				GCC_WARN_UNUSED_VARIABLE = YES;
				IPHONEOS_DEPLOYMENT_TARGET = 11.4;
				MTL_ENABLE_DEBUG_INFO = NO;
				SDKROOT = iphoneos;
				SWIFT_COMPILATION_MODE = wholemodule;
				SWIFT_OPTIMIZATION_LEVEL = "-O";
				VALIDATE_PRODUCT = YES;
			};
			name = Release;
		};
		23EB82AD212AF10900B1D384 /* Debug */ = {
			isa = XCBuildConfiguration;
			buildSettings = {
				ASSETCATALOG_COMPILER_APPICON_NAME = AppIcon;
				CODE_SIGN_STYLE = Automatic;
				DEVELOPMENT_TEAM = 9ZPF2ERCW9;
				INFOPLIST_FILE = merge_media/Info.plist;
				IPHONEOS_DEPLOYMENT_TARGET = 10.2;
				LD_RUNPATH_SEARCH_PATHS = (
					"$(inherited)",
					"@executable_path/Frameworks",
				);
				PRODUCT_BUNDLE_IDENTIFIER = "dengjiangzhou.merge-media";
				PRODUCT_NAME = "$(TARGET_NAME)";
				SWIFT_VERSION = 4.0;
				TARGETED_DEVICE_FAMILY = "1,2";
			};
			name = Debug;
		};
		23EB82AE212AF10900B1D384 /* Release */ = {
			isa = XCBuildConfiguration;
			buildSettings = {
				ASSETCATALOG_COMPILER_APPICON_NAME = AppIcon;
				CODE_SIGN_STYLE = Automatic;
				DEVELOPMENT_TEAM = 9ZPF2ERCW9;
				INFOPLIST_FILE = merge_media/Info.plist;
				IPHONEOS_DEPLOYMENT_TARGET = 10.2;
				LD_RUNPATH_SEARCH_PATHS = (
					"$(inherited)",
					"@executable_path/Frameworks",
				);
				PRODUCT_BUNDLE_IDENTIFIER = "dengjiangzhou.merge-media";
				PRODUCT_NAME = "$(TARGET_NAME)";
				SWIFT_VERSION = 4.0;
				TARGETED_DEVICE_FAMILY = "1,2";
			};
			name = Release;
		};
/* End XCBuildConfiguration section */

/* Begin XCConfigurationList section */
		23EB8295212AF10800B1D384 /* Build configuration list for PBXProject "merge_media" */ = {
			isa = XCConfigurationList;
			buildConfigurations = (
				23EB82AA212AF10900B1D384 /* Debug */,
				23EB82AB212AF10900B1D384 /* Release */,
			);
			defaultConfigurationIsVisible = 0;
			defaultConfigurationName = Release;
		};
		23EB82AC212AF10900B1D384 /* Build configuration list for PBXNativeTarget "merge_media" */ = {
			isa = XCConfigurationList;
			buildConfigurations = (
				23EB82AD212AF10900B1D384 /* Debug */,
				23EB82AE212AF10900B1D384 /* Release */,
			);
			defaultConfigurationIsVisible = 0;
			defaultConfigurationName = Release;
		};
/* End XCConfigurationList section */
	};
	rootObject = 23EB8292212AF10800B1D384 /* Project object */;
}
